
Microsoft Visual Studio Solution File, Format Version 12.00
# Visual Studio Version 17
VisualStudioVersion = 17.9.34723.18
MinimumVisualStudioVersion = 10.0.40219.1
Project("{FAE04EC0-301F-11D3-BF4B-00C04F79EFBC}") = "SacramentMtgPlanner", "SacramentMtgPlanner\SacramentMtgPlanner.csproj", "{F45CB1BC-8BF0-4B1E-85D1-0D32086BD22B}"
EndProject
Global
	GlobalSection(SolutionConfigurationPlatforms) = preSolution
		Debug|Any CPU = Debug|Any CPU
		Release|Any CPU = Release|Any CPU
	EndGlobalSection
	GlobalSection(ProjectConfigurationPlatforms) = postSolution
		{F45CB1BC-8BF0-4B1E-85D1-0D32086BD22B}.Debug|Any CPU.ActiveCfg = Debug|Any CPU
		{F45CB1BC-8BF0-4B1E-85D1-0D32086BD22B}.Debug|Any CPU.Build.0 = Debug|Any CPU
		{F45CB1BC-8BF0-4B1E-85D1-0D32086BD22B}.Release|Any CPU.ActiveCfg = Release|Any CPU
		{F45CB1BC-8BF0-4B1E-85D1-0D32086BD22B}.Release|Any CPU.Build.0 = Release|Any CPU
	EndGlobalSection
	GlobalSection(SolutionProperties) = preSolution
		HideSolutionNode = FALSE
	EndGlobalSection
	GlobalSection(ExtensibilityGlobals) = postSolution
		SolutionGuid = {1D4A3C05-A25A-484D-94DC-C89A4B4290D4}
	EndGlobalSection
EndGlobal
